
Microsoft Visual Studio Solution File, Format Version 12.00
# Visual Studio Version 17
VisualStudioVersion = 17.7.34221.43
MinimumVisualStudioVersion = 10.0.40219.1
Project("{FAE04EC0-301F-11D3-BF4B-00C04F79EFBC}") = "SharpWork", "SharpWork\SharpWork.csproj", "{9F76F573-C491-4D60-BCDF-8C6418E7FD3D}"
EndProject
Project("{FAE04EC0-301F-11D3-BF4B-00C04F79EFBC}") = "BuilderTest", "BuilderTest\BuilderTest.csproj", "{C3DEF8B8-5994-4529-87A4-94C71D5ED77F}"
EndProject
Project("{FAE04EC0-301F-11D3-BF4B-00C04F79EFBC}") = "DataGenerate", "DataGenerate\DataGenerate.csproj", "{80F0516D-1D39-4BDA-B80F-B7510E0F7299}"
EndProject
Project("{FAE04EC0-301F-11D3-BF4B-00C04F79EFBC}") = "DataGridTest", "DataGridTest\DataGridTest.csproj", "{292993C4-051C-4DE7-B320-777939DF692C}"
EndProject
Project("{FAE04EC0-301F-11D3-BF4B-00C04F79EFBC}") = "dictionarySample", "dictionarySample\dictionarySample.csproj", "{FCE3EBCB-15E9-4BD2-A94F-05974D9CB1E0}"
EndProject
Project("{FAE04EC0-301F-11D3-BF4B-00C04F79EFBC}") = "EventProgress", "EventProgress\EventProgress.csproj", "{AAACD8B8-3D03-4823-B8F7-8E362A8D684B}"
EndProject
Project("{FAE04EC0-301F-11D3-BF4B-00C04F79EFBC}") = "FactoryMethod", "FactoryMethod\FactoryMethod.csproj", "{D6A2F0ED-C4AF-4984-B29B-C442A2F3B36B}"
EndProject
Project("{FAE04EC0-301F-11D3-BF4B-00C04F79EFBC}") = "ForTest", "ForTest\ForTest.csproj", "{A55EB2DB-782B-4722-9C81-5397984D18C5}"
EndProject
Project("{FAE04EC0-301F-11D3-BF4B-00C04F79EFBC}") = "ForWPF", "ForWPF\ForWPF.csproj", "{C097A683-C605-455F-952A-C24A082BECF8}"
EndProject
Project("{FAE04EC0-301F-11D3-BF4B-00C04F79EFBC}") = "fromIn", "fromIn\fromIn.csproj", "{92BCBA6A-4FB9-4740-886A-AC7C0EE598D6}"
EndProject
Project("{FAE04EC0-301F-11D3-BF4B-00C04F79EFBC}") = "IEnumerableFirstTest", "IEnumerableFirstTest\IEnumerableFirstTest.csproj", "{99E6BCD4-F62E-468D-BBD3-12C7B771316E}"
EndProject
Project("{FAE04EC0-301F-11D3-BF4B-00C04F79EFBC}") = "MvvmTimer", "MvvmTimer\MvvmTimer.csproj", "{95C8FDEA-42BE-4E49-A25E-D7B7F9A799EC}"
EndProject
Project("{2150E333-8FDC-42A3-9474-1A3956D46DE8}") = "Expander", "Expander", "{85F47890-6946-46EF-8AB1-927B2EFCA697}"
EndProject
Project("{FAE04EC0-301F-11D3-BF4B-00C04F79EFBC}") = "MyApp", "MyApp\MyApp.csproj", "{03BBA6FF-F6AD-4B32-903C-35F1ED098AE0}"
EndProject
Project("{FAE04EC0-301F-11D3-BF4B-00C04F79EFBC}") = "MyControl", "MyControl\MyControl.csproj", "{EE7F3367-8D9B-43EF-A95A-BC51CCA7CD52}"
EndProject
Project("{FAE04EC0-301F-11D3-BF4B-00C04F79EFBC}") = "regexSample", "regexSample\regexSample.csproj", "{B7E7B00D-51F4-4D37-93D3-99955A686087}"
EndProject
Project("{FAE04EC0-301F-11D3-BF4B-00C04F79EFBC}") = "log4test", "log4\log4test\log4test\log4test.csproj", "{3440236E-7211-4B85-9D02-104CBD248904}"
EndProject
Project("{FAE04EC0-301F-11D3-BF4B-00C04F79EFBC}") = "Fast24", "Fast24\Fast24.csproj", "{29B7945F-1E69-41A9-8650-27C3FE40FEC8}"
EndProject
Project("{2150E333-8FDC-42A3-9474-1A3956D46DE8}") = "Prism", "Prism", "{26891135-362F-45C1-9D8A-86A4F0DD2107}"
EndProject
Project("{FAE04EC0-301F-11D3-BF4B-00C04F79EFBC}") = "PrismSample", "PrismSample\PrismSample.csproj", "{DCE10FCB-6111-4A42-933B-0391BD83E5DF}"
EndProject
Project("{FAE04EC0-301F-11D3-BF4B-00C04F79EFBC}") = "MoveFileForm", "MoveFileForm\MoveFileForm.csproj", "{00E72A12-548A-45B4-9D86-AE6E3D7BD1F8}"
EndProject
Project("{2150E333-8FDC-42A3-9474-1A3956D46DE8}") = "service", "service", "{862851EB-C60E-496E-A993-0ABFB7FEC062}"
EndProject
Project("{9A19103F-16F7-4668-BE54-9A1E7A4F7556}") = "WebApplication1", "WebApplication1\WebApplication1.csproj", "{35BDB921-FDC0-4EAC-BDF7-7BCF9944DC90}"
EndProject
Project("{2150E333-8FDC-42A3-9474-1A3956D46DE8}") = "AutoCAD", "AutoCAD", "{78CB3866-ADAD-4176-A76D-5E35A63FEA2D}"
EndProject
Project("{FAE04EC0-301F-11D3-BF4B-00C04F79EFBC}") = "FtpFile", "FtpFile\FtpFile.csproj", "{A1B47BA1-63C8-47DF-9BE3-52DA21C0159A}"
EndProject
Project("{2150E333-8FDC-42A3-9474-1A3956D46DE8}") = "Helix", "Helix", "{093CF1C7-5511-4FC3-B3F7-088C00B72A38}"
EndProject
Project("{FAE04EC0-301F-11D3-BF4B-00C04F79EFBC}") = "HelixToolKitApp", "HelixToolKitApp\HelixToolKitApp.csproj", "{D9C59A2F-B7F9-45BD-93BF-9602AEC4A3D0}"
EndProject
Project("{2150E333-8FDC-42A3-9474-1A3956D46DE8}") = "Excel", "Excel", "{73D32C6C-6D4F-47E3-BF24-4E9394E4756A}"
EndProject
Project("{FAE04EC0-301F-11D3-BF4B-00C04F79EFBC}") = "EPPlusTest", "EPPlusTest\EPPlusTest.csproj", "{2A2150C3-8848-4555-9F3C-23CBC18B0967}"
EndProject
Project("{2150E333-8FDC-42A3-9474-1A3956D46DE8}") = "UnitTestDemo", "UnitTestDemo", "{667CC1D0-A981-453E-906D-753D03361068}"
EndProject
Project("{FAE04EC0-301F-11D3-BF4B-00C04F79EFBC}") = "UnitDemo", "UnitDemo\UnitDemo.csproj", "{4745A720-6359-4F2D-BEC7-956FD3EECAA3}"
EndProject
Project("{FAE04EC0-301F-11D3-BF4B-00C04F79EFBC}") = "UnitTestDemoTests", "UnitTestDemoTests\UnitTestDemoTests.csproj", "{389A01EB-766D-4672-BBA1-AE5A2C9DE830}"
EndProject
Global
	GlobalSection(SolutionConfigurationPlatforms) = preSolution
		Debug|Any CPU = Debug|Any CPU
		Release|Any CPU = Release|Any CPU
	EndGlobalSection
	GlobalSection(ProjectConfigurationPlatforms) = postSolution
		{9F76F573-C491-4D60-BCDF-8C6418E7FD3D}.Debug|Any CPU.ActiveCfg = Debug|Any CPU
		{9F76F573-C491-4D60-BCDF-8C6418E7FD3D}.Debug|Any CPU.Build.0 = Debug|Any CPU
		{9F76F573-C491-4D60-BCDF-8C6418E7FD3D}.Release|Any CPU.ActiveCfg = Release|Any CPU
		{9F76F573-C491-4D60-BCDF-8C6418E7FD3D}.Release|Any CPU.Build.0 = Release|Any CPU
		{C3DEF8B8-5994-4529-87A4-94C71D5ED77F}.Debug|Any CPU.ActiveCfg = Debug|Any CPU
		{C3DEF8B8-5994-4529-87A4-94C71D5ED77F}.Debug|Any CPU.Build.0 = Debug|Any CPU
		{C3DEF8B8-5994-4529-87A4-94C71D5ED77F}.Release|Any CPU.ActiveCfg = Release|Any CPU
		{C3DEF8B8-5994-4529-87A4-94C71D5ED77F}.Release|Any CPU.Build.0 = Release|Any CPU
		{80F0516D-1D39-4BDA-B80F-B7510E0F7299}.Debug|Any CPU.ActiveCfg = Debug|Any CPU
		{80F0516D-1D39-4BDA-B80F-B7510E0F7299}.Debug|Any CPU.Build.0 = Debug|Any CPU
		{80F0516D-1D39-4BDA-B80F-B7510E0F7299}.Release|Any CPU.ActiveCfg = Release|Any CPU
		{80F0516D-1D39-4BDA-B80F-B7510E0F7299}.Release|Any CPU.Build.0 = Release|Any CPU
		{292993C4-051C-4DE7-B320-777939DF692C}.Debug|Any CPU.ActiveCfg = Debug|Any CPU
		{292993C4-051C-4DE7-B320-777939DF692C}.Debug|Any CPU.Build.0 = Debug|Any CPU
		{292993C4-051C-4DE7-B320-777939DF692C}.Release|Any CPU.ActiveCfg = Release|Any CPU
		{292993C4-051C-4DE7-B320-777939DF692C}.Release|Any CPU.Build.0 = Release|Any CPU
		{FCE3EBCB-15E9-4BD2-A94F-05974D9CB1E0}.Debug|Any CPU.ActiveCfg = Debug|Any CPU
		{FCE3EBCB-15E9-4BD2-A94F-05974D9CB1E0}.Debug|Any CPU.Build.0 = Debug|Any CPU
		{FCE3EBCB-15E9-4BD2-A94F-05974D9CB1E0}.Release|Any CPU.ActiveCfg = Release|Any CPU
		{FCE3EBCB-15E9-4BD2-A94F-05974D9CB1E0}.Release|Any CPU.Build.0 = Release|Any CPU
		{AAACD8B8-3D03-4823-B8F7-8E362A8D684B}.Debug|Any CPU.ActiveCfg = Debug|Any CPU
		{AAACD8B8-3D03-4823-B8F7-8E362A8D684B}.Debug|Any CPU.Build.0 = Debug|Any CPU
		{AAACD8B8-3D03-4823-B8F7-8E362A8D684B}.Release|Any CPU.ActiveCfg = Release|Any CPU
		{AAACD8B8-3D03-4823-B8F7-8E362A8D684B}.Release|Any CPU.Build.0 = Release|Any CPU
		{D6A2F0ED-C4AF-4984-B29B-C442A2F3B36B}.Debug|Any CPU.ActiveCfg = Debug|Any CPU
		{D6A2F0ED-C4AF-4984-B29B-C442A2F3B36B}.Debug|Any CPU.Build.0 = Debug|Any CPU
		{D6A2F0ED-C4AF-4984-B29B-C442A2F3B36B}.Release|Any CPU.ActiveCfg = Release|Any CPU
		{D6A2F0ED-C4AF-4984-B29B-C442A2F3B36B}.Release|Any CPU.Build.0 = Release|Any CPU
		{A55EB2DB-782B-4722-9C81-5397984D18C5}.Debug|Any CPU.ActiveCfg = Debug|Any CPU
		{A55EB2DB-782B-4722-9C81-5397984D18C5}.Debug|Any CPU.Build.0 = Debug|Any CPU
		{A55EB2DB-782B-4722-9C81-5397984D18C5}.Release|Any CPU.ActiveCfg = Release|Any CPU
		{A55EB2DB-782B-4722-9C81-5397984D18C5}.Release|Any CPU.Build.0 = Release|Any CPU
		{C097A683-C605-455F-952A-C24A082BECF8}.Debug|Any CPU.ActiveCfg = Debug|Any CPU
		{C097A683-C605-455F-952A-C24A082BECF8}.Debug|Any CPU.Build.0 = Debug|Any CPU
		{C097A683-C605-455F-952A-C24A082BECF8}.Release|Any CPU.ActiveCfg = Release|Any CPU
		{C097A683-C605-455F-952A-C24A082BECF8}.Release|Any CPU.Build.0 = Release|Any CPU
		{92BCBA6A-4FB9-4740-886A-AC7C0EE598D6}.Debug|Any CPU.ActiveCfg = Debug|Any CPU
		{92BCBA6A-4FB9-4740-886A-AC7C0EE598D6}.Debug|Any CPU.Build.0 = Debug|Any CPU
		{92BCBA6A-4FB9-4740-886A-AC7C0EE598D6}.Release|Any CPU.ActiveCfg = Release|Any CPU
		{92BCBA6A-4FB9-4740-886A-AC7C0EE598D6}.Release|Any CPU.Build.0 = Release|Any CPU
		{99E6BCD4-F62E-468D-BBD3-12C7B771316E}.Debug|Any CPU.ActiveCfg = Debug|Any CPU
		{99E6BCD4-F62E-468D-BBD3-12C7B771316E}.Debug|Any CPU.Build.0 = Debug|Any CPU
		{99E6BCD4-F62E-468D-BBD3-12C7B771316E}.Release|Any CPU.ActiveCfg = Release|Any CPU
		{99E6BCD4-F62E-468D-BBD3-12C7B771316E}.Release|Any CPU.Build.0 = Release|Any CPU
		{95C8FDEA-42BE-4E49-A25E-D7B7F9A799EC}.Debug|Any CPU.ActiveCfg = Debug|Any CPU
		{95C8FDEA-42BE-4E49-A25E-D7B7F9A799EC}.Debug|Any CPU.Build.0 = Debug|Any CPU
		{95C8FDEA-42BE-4E49-A25E-D7B7F9A799EC}.Release|Any CPU.ActiveCfg = Release|Any CPU
		{95C8FDEA-42BE-4E49-A25E-D7B7F9A799EC}.Release|Any CPU.Build.0 = Release|Any CPU
		{03BBA6FF-F6AD-4B32-903C-35F1ED098AE0}.Debug|Any CPU.ActiveCfg = Debug|Any CPU
		{03BBA6FF-F6AD-4B32-903C-35F1ED098AE0}.Debug|Any CPU.Build.0 = Debug|Any CPU
		{03BBA6FF-F6AD-4B32-903C-35F1ED098AE0}.Release|Any CPU.ActiveCfg = Release|Any CPU
		{03BBA6FF-F6AD-4B32-903C-35F1ED098AE0}.Release|Any CPU.Build.0 = Release|Any CPU
		{EE7F3367-8D9B-43EF-A95A-BC51CCA7CD52}.Debug|Any CPU.ActiveCfg = Debug|Any CPU
		{EE7F3367-8D9B-43EF-A95A-BC51CCA7CD52}.Debug|Any CPU.Build.0 = Debug|Any CPU
		{EE7F3367-8D9B-43EF-A95A-BC51CCA7CD52}.Release|Any CPU.ActiveCfg = Release|Any CPU
		{EE7F3367-8D9B-43EF-A95A-BC51CCA7CD52}.Release|Any CPU.Build.0 = Release|Any CPU
		{B7E7B00D-51F4-4D37-93D3-99955A686087}.Debug|Any CPU.ActiveCfg = Debug|Any CPU
		{B7E7B00D-51F4-4D37-93D3-99955A686087}.Debug|Any CPU.Build.0 = Debug|Any CPU
		{B7E7B00D-51F4-4D37-93D3-99955A686087}.Release|Any CPU.ActiveCfg = Release|Any CPU
		{B7E7B00D-51F4-4D37-93D3-99955A686087}.Release|Any CPU.Build.0 = Release|Any CPU
		{3440236E-7211-4B85-9D02-104CBD248904}.Debug|Any CPU.ActiveCfg = Debug|Any CPU
		{3440236E-7211-4B85-9D02-104CBD248904}.Debug|Any CPU.Build.0 = Debug|Any CPU
		{3440236E-7211-4B85-9D02-104CBD248904}.Release|Any CPU.ActiveCfg = Release|Any CPU
		{3440236E-7211-4B85-9D02-104CBD248904}.Release|Any CPU.Build.0 = Release|Any CPU
		{29B7945F-1E69-41A9-8650-27C3FE40FEC8}.Debug|Any CPU.ActiveCfg = Debug|Any CPU
		{29B7945F-1E69-41A9-8650-27C3FE40FEC8}.Debug|Any CPU.Build.0 = Debug|Any CPU
		{29B7945F-1E69-41A9-8650-27C3FE40FEC8}.Release|Any CPU.ActiveCfg = Release|Any CPU
		{29B7945F-1E69-41A9-8650-27C3FE40FEC8}.Release|Any CPU.Build.0 = Release|Any CPU
		{DCE10FCB-6111-4A42-933B-0391BD83E5DF}.Debug|Any CPU.ActiveCfg = Debug|Any CPU
		{DCE10FCB-6111-4A42-933B-0391BD83E5DF}.Debug|Any CPU.Build.0 = Debug|Any CPU
		{DCE10FCB-6111-4A42-933B-0391BD83E5DF}.Release|Any CPU.ActiveCfg = Release|Any CPU
		{DCE10FCB-6111-4A42-933B-0391BD83E5DF}.Release|Any CPU.Build.0 = Release|Any CPU
		{00E72A12-548A-45B4-9D86-AE6E3D7BD1F8}.Debug|Any CPU.ActiveCfg = Debug|Any CPU
		{00E72A12-548A-45B4-9D86-AE6E3D7BD1F8}.Debug|Any CPU.Build.0 = Debug|Any CPU
		{00E72A12-548A-45B4-9D86-AE6E3D7BD1F8}.Release|Any CPU.ActiveCfg = Release|Any CPU
		{00E72A12-548A-45B4-9D86-AE6E3D7BD1F8}.Release|Any CPU.Build.0 = Release|Any CPU
		{35BDB921-FDC0-4EAC-BDF7-7BCF9944DC90}.Debug|Any CPU.ActiveCfg = Debug|Any CPU
		{35BDB921-FDC0-4EAC-BDF7-7BCF9944DC90}.Debug|Any CPU.Build.0 = Debug|Any CPU
		{35BDB921-FDC0-4EAC-BDF7-7BCF9944DC90}.Release|Any CPU.ActiveCfg = Release|Any CPU
		{35BDB921-FDC0-4EAC-BDF7-7BCF9944DC90}.Release|Any CPU.Build.0 = Release|Any CPU
		{A1B47BA1-63C8-47DF-9BE3-52DA21C0159A}.Debug|Any CPU.ActiveCfg = Debug|Any CPU
		{A1B47BA1-63C8-47DF-9BE3-52DA21C0159A}.Debug|Any CPU.Build.0 = Debug|Any CPU
		{A1B47BA1-63C8-47DF-9BE3-52DA21C0159A}.Release|Any CPU.ActiveCfg = Release|Any CPU
		{A1B47BA1-63C8-47DF-9BE3-52DA21C0159A}.Release|Any CPU.Build.0 = Release|Any CPU
		{D9C59A2F-B7F9-45BD-93BF-9602AEC4A3D0}.Debug|Any CPU.ActiveCfg = Debug|Any CPU
		{D9C59A2F-B7F9-45BD-93BF-9602AEC4A3D0}.Debug|Any CPU.Build.0 = Debug|Any CPU
		{D9C59A2F-B7F9-45BD-93BF-9602AEC4A3D0}.Release|Any CPU.ActiveCfg = Release|Any CPU
		{D9C59A2F-B7F9-45BD-93BF-9602AEC4A3D0}.Release|Any CPU.Build.0 = Release|Any CPU
		{2A2150C3-8848-4555-9F3C-23CBC18B0967}.Debug|Any CPU.ActiveCfg = Debug|Any CPU
		{2A2150C3-8848-4555-9F3C-23CBC18B0967}.Debug|Any CPU.Build.0 = Debug|Any CPU
		{2A2150C3-8848-4555-9F3C-23CBC18B0967}.Release|Any CPU.ActiveCfg = Release|Any CPU
		{2A2150C3-8848-4555-9F3C-23CBC18B0967}.Release|Any CPU.Build.0 = Release|Any CPU
		{4745A720-6359-4F2D-BEC7-956FD3EECAA3}.Debug|Any CPU.ActiveCfg = Debug|Any CPU
		{4745A720-6359-4F2D-BEC7-956FD3EECAA3}.Debug|Any CPU.Build.0 = Debug|Any CPU
		{4745A720-6359-4F2D-BEC7-956FD3EECAA3}.Release|Any CPU.ActiveCfg = Release|Any CPU
		{4745A720-6359-4F2D-BEC7-956FD3EECAA3}.Release|Any CPU.Build.0 = Release|Any CPU
		{389A01EB-766D-4672-BBA1-AE5A2C9DE830}.Debug|Any CPU.ActiveCfg = Debug|Any CPU
		{389A01EB-766D-4672-BBA1-AE5A2C9DE830}.Debug|Any CPU.Build.0 = Debug|Any CPU
		{389A01EB-766D-4672-BBA1-AE5A2C9DE830}.Release|Any CPU.ActiveCfg = Release|Any CPU
		{389A01EB-766D-4672-BBA1-AE5A2C9DE830}.Release|Any CPU.Build.0 = Release|Any CPU
	EndGlobalSection
	GlobalSection(SolutionProperties) = preSolution
		HideSolutionNode = FALSE
	EndGlobalSection
	GlobalSection(NestedProjects) = preSolution
		{03BBA6FF-F6AD-4B32-903C-35F1ED098AE0} = {85F47890-6946-46EF-8AB1-927B2EFCA697}
		{EE7F3367-8D9B-43EF-A95A-BC51CCA7CD52} = {85F47890-6946-46EF-8AB1-927B2EFCA697}
		{DCE10FCB-6111-4A42-933B-0391BD83E5DF} = {26891135-362F-45C1-9D8A-86A4F0DD2107}
		{35BDB921-FDC0-4EAC-BDF7-7BCF9944DC90} = {862851EB-C60E-496E-A993-0ABFB7FEC062}
		{A1B47BA1-63C8-47DF-9BE3-52DA21C0159A} = {78CB3866-ADAD-4176-A76D-5E35A63FEA2D}
		{D9C59A2F-B7F9-45BD-93BF-9602AEC4A3D0} = {093CF1C7-5511-4FC3-B3F7-088C00B72A38}
		{2A2150C3-8848-4555-9F3C-23CBC18B0967} = {73D32C6C-6D4F-47E3-BF24-4E9394E4756A}
		{4745A720-6359-4F2D-BEC7-956FD3EECAA3} = {667CC1D0-A981-453E-906D-753D03361068}
		{389A01EB-766D-4672-BBA1-AE5A2C9DE830} = {667CC1D0-A981-453E-906D-753D03361068}
	EndGlobalSection
	GlobalSection(ExtensibilityGlobals) = postSolution
		SolutionGuid = {AB523B57-3AF9-46F5-AFCB-06FD812D2A0A}
	EndGlobalSection
EndGlobal
